
Microsoft Visual Studio Solution File, Format Version 12.00
# Visual Studio Version 16
VisualStudioVersion = 16.0.30128.74
MinimumVisualStudioVersion = 10.0.40219.1
Project("{FAE04EC0-301F-11D3-BF4B-00C04F79EFBC}") = "RenoirMobileTuning", "RenoirMobileTuning\RenoirMobileTuning.csproj", "{A1BA97AB-CB1F-4407-B5EA-CCAF3F2CEE3A}"
EndProject
Project("{2150E333-8FDC-42A3-9474-1A3956D46DE8}") = "Solution Items", "Solution Items", "{27113D93-4CF5-47D7-B57D-05DA6FCC6F84}"
EndProject
Global
	GlobalSection(SolutionConfigurationPlatforms) = preSolution
		Debug|Any CPU = Debug|Any CPU
		Release|Any CPU = Release|Any CPU
	EndGlobalSection
	GlobalSection(ProjectConfigurationPlatforms) = postSolution
		{A1BA97AB-CB1F-4407-B5EA-CCAF3F2CEE3A}.Debug|Any CPU.ActiveCfg = Debug|Any CPU
		{A1BA97AB-CB1F-4407-B5EA-CCAF3F2CEE3A}.Debug|Any CPU.Build.0 = Debug|Any CPU
		{A1BA97AB-CB1F-4407-B5EA-CCAF3F2CEE3A}.Release|Any CPU.ActiveCfg = Release|Any CPU
		{A1BA97AB-CB1F-4407-B5EA-CCAF3F2CEE3A}.Release|Any CPU.Build.0 = Release|Any CPU
	EndGlobalSection
	GlobalSection(SolutionProperties) = preSolution
		HideSolutionNode = FALSE
	EndGlobalSection
	GlobalSection(ExtensibilityGlobals) = postSolution
		SolutionGuid = {0BD711F8-9C79-4C01-8266-CBFB44E07474}
	EndGlobalSection
EndGlobal
